
Microsoft Visual Studio Solution File, Format Version 12.00
# Visual Studio Version 17
VisualStudioVersion = 17.11.35222.181
MinimumVisualStudioVersion = 10.0.40219.1
Project("{FAE04EC0-301F-11D3-BF4B-00C04F79EFBC}") = "statistics", "statistics.csproj", "{DDD5CE0C-B99D-4207-860F-0CB00600E659}"
EndProject
Global
	GlobalSection(SolutionConfigurationPlatforms) = preSolution
		Debug|Any CPU = Debug|Any CPU
		Release|Any CPU = Release|Any CPU
	EndGlobalSection
	GlobalSection(ProjectConfigurationPlatforms) = postSolution
		{DDD5CE0C-B99D-4207-860F-0CB00600E659}.Debug|Any CPU.ActiveCfg = Debug|Any CPU
		{DDD5CE0C-B99D-4207-860F-0CB00600E659}.Debug|Any CPU.Build.0 = Debug|Any CPU
		{DDD5CE0C-B99D-4207-860F-0CB00600E659}.Release|Any CPU.ActiveCfg = Release|Any CPU
		{DDD5CE0C-B99D-4207-860F-0CB00600E659}.Release|Any CPU.Build.0 = Release|Any CPU
	EndGlobalSection
	GlobalSection(SolutionProperties) = preSolution
		HideSolutionNode = FALSE
	EndGlobalSection
	GlobalSection(ExtensibilityGlobals) = postSolution
		SolutionGuid = {65DD8E9A-A134-453A-B712-093FC7CC46CD}
	EndGlobalSection
EndGlobal
